
Microsoft Visual Studio Solution File, Format Version 12.00
# Visual Studio Version 17
VisualStudioVersion = 17.1.32210.238
MinimumVisualStudioVersion = 10.0.40219.1
Project("{FAE04EC0-301F-11D3-BF4B-00C04F79EFBC}") = "BeardChamp", "BeardChamp.csproj", "{FE81E741-A95A-423A-AF1B-A187D95975A8}"
EndProject
Global
	GlobalSection(SolutionConfigurationPlatforms) = preSolution
		Debug|Any CPU = Debug|Any CPU
		Release|Any CPU = Release|Any CPU
	EndGlobalSection
	GlobalSection(ProjectConfigurationPlatforms) = postSolution
		{FE81E741-A95A-423A-AF1B-A187D95975A8}.Debug|Any CPU.ActiveCfg = Debug|Any CPU
		{FE81E741-A95A-423A-AF1B-A187D95975A8}.Debug|Any CPU.Build.0 = Debug|Any CPU
		{FE81E741-A95A-423A-AF1B-A187D95975A8}.Release|Any CPU.ActiveCfg = Release|Any CPU
		{FE81E741-A95A-423A-AF1B-A187D95975A8}.Release|Any CPU.Build.0 = Release|Any CPU
	EndGlobalSection
	GlobalSection(SolutionProperties) = preSolution
		HideSolutionNode = FALSE
	EndGlobalSection
	GlobalSection(ExtensibilityGlobals) = postSolution
		SolutionGuid = {A00E71C0-BE5C-411A-BB34-770659645E1A}
	EndGlobalSection
EndGlobal
